
Microsoft Visual Studio Solution File, Format Version 12.00
# Visual Studio 15
VisualStudioVersion = 15.0.27703.2042
MinimumVisualStudioVersion = 10.0.40219.1
Project("{FAE04EC0-301F-11D3-BF4B-00C04F79EFBC}") = "SchedulEasy.WebMVC", "SchedulEasy.WebMVC\SchedulEasy.WebMVC.csproj", "{6A61A6AC-532E-48BC-AF33-889F46BABCB3}"
EndProject
Project("{FAE04EC0-301F-11D3-BF4B-00C04F79EFBC}") = "SchedulEasy.Data", "SchedulEasy.Data\SchedulEasy.Data.csproj", "{0A2A1317-B66B-47AA-B3D5-7D688EB33DF8}"
EndProject
Project("{FAE04EC0-301F-11D3-BF4B-00C04F79EFBC}") = "SchedulEasy.Models", "SchedulEasy.Models\SchedulEasy.Models.csproj", "{430C4684-B78A-4A96-92FE-7B82E20BA5EB}"
EndProject
Project("{FAE04EC0-301F-11D3-BF4B-00C04F79EFBC}") = "SchedulEasy.Services", "SchedulEasy.Services\SchedulEasy.Services.csproj", "{70E20923-A1B6-4B37-AE18-1C1170909464}"
EndProject
Global
	GlobalSection(SolutionConfigurationPlatforms) = preSolution
		Debug|Any CPU = Debug|Any CPU
		Release|Any CPU = Release|Any CPU
	EndGlobalSection
	GlobalSection(ProjectConfigurationPlatforms) = postSolution
		{6A61A6AC-532E-48BC-AF33-889F46BABCB3}.Debug|Any CPU.ActiveCfg = Debug|Any CPU
		{6A61A6AC-532E-48BC-AF33-889F46BABCB3}.Debug|Any CPU.Build.0 = Debug|Any CPU
		{6A61A6AC-532E-48BC-AF33-889F46BABCB3}.Release|Any CPU.ActiveCfg = Release|Any CPU
		{6A61A6AC-532E-48BC-AF33-889F46BABCB3}.Release|Any CPU.Build.0 = Release|Any CPU
		{0A2A1317-B66B-47AA-B3D5-7D688EB33DF8}.Debug|Any CPU.ActiveCfg = Debug|Any CPU
		{0A2A1317-B66B-47AA-B3D5-7D688EB33DF8}.Debug|Any CPU.Build.0 = Debug|Any CPU
		{0A2A1317-B66B-47AA-B3D5-7D688EB33DF8}.Release|Any CPU.ActiveCfg = Release|Any CPU
		{0A2A1317-B66B-47AA-B3D5-7D688EB33DF8}.Release|Any CPU.Build.0 = Release|Any CPU
		{430C4684-B78A-4A96-92FE-7B82E20BA5EB}.Debug|Any CPU.ActiveCfg = Debug|Any CPU
		{430C4684-B78A-4A96-92FE-7B82E20BA5EB}.Debug|Any CPU.Build.0 = Debug|Any CPU
		{430C4684-B78A-4A96-92FE-7B82E20BA5EB}.Release|Any CPU.ActiveCfg = Release|Any CPU
		{430C4684-B78A-4A96-92FE-7B82E20BA5EB}.Release|Any CPU.Build.0 = Release|Any CPU
		{70E20923-A1B6-4B37-AE18-1C1170909464}.Debug|Any CPU.ActiveCfg = Debug|Any CPU
		{70E20923-A1B6-4B37-AE18-1C1170909464}.Debug|Any CPU.Build.0 = Debug|Any CPU
		{70E20923-A1B6-4B37-AE18-1C1170909464}.Release|Any CPU.ActiveCfg = Release|Any CPU
		{70E20923-A1B6-4B37-AE18-1C1170909464}.Release|Any CPU.Build.0 = Release|Any CPU
	EndGlobalSection
	GlobalSection(SolutionProperties) = preSolution
		HideSolutionNode = FALSE
	EndGlobalSection
	GlobalSection(ExtensibilityGlobals) = postSolution
		SolutionGuid = {9D2B74A7-EBE5-4B5D-9914-D272FE9ED74D}
	EndGlobalSection
EndGlobal
